github.com/joho/godotenv v1.3.0 h1:Zjp+RcGpHhGlrMbJzXTrZZPrWj+1vfm90La1wgB6Bhc=
github.com/joho/godotenv v1.3.0/go.mod h1:7hK45KPybAkOC6peb+G5yklZfMxEjkZhHbwpqxOKXbg=
github.com/supabase/postgrest-go v0.0.3 h1:PPRKGQK4rp+WqWt+2NTcV/87jqEL98JtnskfsVJe+lw=
github.com/supabase/postgrest-go v0.0.3/go.mod h1:F/x4uWdiTG3AQvtl7R2huQHUih+BOaWaFwP58KgR51o=
